// !$*UTF8*$!
{
	archiveVersion = 1;
	classes = {
	};
	objectVersion = 46;
	objects = {

/* Begin PBXBuildFile section */
		9A9205D4976E5D1C48BEF203 /* Pods_Unhidden.framework in Frameworks */ = {isa = PBXBuildFile; fileRef = EC5EDABCCF68AAE8B8D86722 /* Pods_Unhidden.framework */; };
		E80D0E951F6DC430006A2A6D /* AppDelegate.swift in Sources */ = {isa = PBXBuildFile; fileRef = E80D0E941F6DC430006A2A6D /* AppDelegate.swift */; };
		E80D0E971F6DC430006A2A6D /* MainViewController.swift in Sources */ = {isa = PBXBuildFile; fileRef = E80D0E961F6DC430006A2A6D /* MainViewController.swift */; };
		E80D0E991F6DC430006A2A6D /* Assets.xcassets in Resources */ = {isa = PBXBuildFile; fileRef = E80D0E981F6DC430006A2A6D /* Assets.xcassets */; };
		E80D0E9C1F6DC430006A2A6D /* Main.storyboard in Resources */ = {isa = PBXBuildFile; fileRef = E80D0E9A1F6DC430006A2A6D /* Main.storyboard */; };
		E85A23E71F6DD362006D38BC /* OGSwitch.swift in Sources */ = {isa = PBXBuildFile; fileRef = E85A23E61F6DD362006D38BC /* OGSwitch.swift */; };
		E89997A6221F38BA007D3AB3 /* RNShell.framework in Frameworks */ = {isa = PBXBuildFile; fileRef = E899979D221F38BA007D3AB3 /* RNShell.framework */; };
		E89997AD221F38BA007D3AB3 /* RNShellTests.swift in Sources */ = {isa = PBXBuildFile; fileRef = E89997AC221F38BA007D3AB3 /* RNShellTests.swift */; };
		E89997AF221F38BA007D3AB3 /* RNShell.h in Headers */ = {isa = PBXBuildFile; fileRef = E899979F221F38BA007D3AB3 /* RNShell.h */; settings = {ATTRIBUTES = (Public, ); }; };
		E89997B2221F38BA007D3AB3 /* RNShell.framework in Frameworks */ = {isa = PBXBuildFile; fileRef = E899979D221F38BA007D3AB3 /* RNShell.framework */; };
		E89997B3221F38BA007D3AB3 /* RNShell.framework in Embed Frameworks */ = {isa = PBXBuildFile; fileRef = E899979D221F38BA007D3AB3 /* RNShell.framework */; settings = {ATTRIBUTES = (CodeSignOnCopy, RemoveHeadersOnCopy, ); }; };
		E89997BC221F39AE007D3AB3 /* RNShell.swift in Sources */ = {isa = PBXBuildFile; fileRef = E89997BB221F39AE007D3AB3 /* RNShell.swift */; };
		E89997BE221F4BF5007D3AB3 /* ShellResult.swift in Sources */ = {isa = PBXBuildFile; fileRef = E89997BD221F4BF5007D3AB3 /* ShellResult.swift */; };
		E8A1EF1822204451003B71A5 /* Constants.swift in Sources */ = {isa = PBXBuildFile; fileRef = E8A1EF1722204451003B71A5 /* Constants.swift */; };
		E8CE15022222EADC000EFE71 /* OGSwitchDelegate.swift in Sources */ = {isa = PBXBuildFile; fileRef = E8CE15012222EADC000EFE71 /* OGSwitchDelegate.swift */; };
		E8CE15042222EAEB000EFE71 /* OGSwitchState.swift in Sources */ = {isa = PBXBuildFile; fileRef = E8CE15032222EAEB000EFE71 /* OGSwitchState.swift */; };
		E8EE9FC1222451720056932A /* Metropolis-ExtraBoldItalic.otf in Resources */ = {isa = PBXBuildFile; fileRef = E8EE9FAF222451710056932A /* Metropolis-ExtraBoldItalic.otf */; };
		E8EE9FC2222451720056932A /* Metropolis-RegularItalic.otf in Resources */ = {isa = PBXBuildFile; fileRef = E8EE9FB0222451710056932A /* Metropolis-RegularItalic.otf */; };
		E8EE9FC3222451720056932A /* Metropolis-Black.otf in Resources */ = {isa = PBXBuildFile; fileRef = E8EE9FB1222451710056932A /* Metropolis-Black.otf */; };
		E8EE9FC4222451720056932A /* Metropolis-LightItalic.otf in Resources */ = {isa = PBXBuildFile; fileRef = E8EE9FB2222451710056932A /* Metropolis-LightItalic.otf */; };
		E8EE9FC5222451720056932A /* Metropolis-ExtraLight.otf in Resources */ = {isa = PBXBuildFile; fileRef = E8EE9FB3222451710056932A /* Metropolis-ExtraLight.otf */; };
		E8EE9FC6222451720056932A /* Metropolis-Medium.otf in Resources */ = {isa = PBXBuildFile; fileRef = E8EE9FB4222451710056932A /* Metropolis-Medium.otf */; };
		E8EE9FC7222451720056932A /* Metropolis-ExtraBold.otf in Resources */ = {isa = PBXBuildFile; fileRef = E8EE9FB5222451710056932A /* Metropolis-ExtraBold.otf */; };
		E8EE9FC8222451720056932A /* Metropolis-Regular.otf in Resources */ = {isa = PBXBuildFile; fileRef = E8EE9FB6222451710056932A /* Metropolis-Regular.otf */; };
		E8EE9FC9222451720056932A /* Metropolis-MediumItalic.otf in Resources */ = {isa = PBXBuildFile; fileRef = E8EE9FB7222451710056932A /* Metropolis-MediumItalic.otf */; };
		E8EE9FCA222451720056932A /* Metropolis-Bold.otf in Resources */ = {isa = PBXBuildFile; fileRef = E8EE9FB8222451710056932A /* Metropolis-Bold.otf */; };
		E8EE9FCB222451720056932A /* Metropolis-Thin.otf in Resources */ = {isa = PBXBuildFile; fileRef = E8EE9FB9222451710056932A /* Metropolis-Thin.otf */; };
		E8EE9FCC222451720056932A /* Metropolis-BoldItalic.otf in Resources */ = {isa = PBXBuildFile; fileRef = E8EE9FBA222451710056932A /* Metropolis-BoldItalic.otf */; };
		E8EE9FCD222451720056932A /* Metropolis-SemiBold.otf in Resources */ = {isa = PBXBuildFile; fileRef = E8EE9FBB222451710056932A /* Metropolis-SemiBold.otf */; };
		E8EE9FCE222451720056932A /* Metropolis-ExtraLightItalic.otf in Resources */ = {isa = PBXBuildFile; fileRef = E8EE9FBC222451720056932A /* Metropolis-ExtraLightItalic.otf */; };
		E8EE9FCF222451720056932A /* Metropolis-BlackItalic.otf in Resources */ = {isa = PBXBuildFile; fileRef = E8EE9FBD222451720056932A /* Metropolis-BlackItalic.otf */; };
		E8EE9FD0222451720056932A /* Metropolis-ThinItalic.otf in Resources */ = {isa = PBXBuildFile; fileRef = E8EE9FBE222451720056932A /* Metropolis-ThinItalic.otf */; };
		E8EE9FD1222451720056932A /* Metropolis-SemiBoldItalic.otf in Resources */ = {isa = PBXBuildFile; fileRef = E8EE9FBF222451720056932A /* Metropolis-SemiBoldItalic.otf */; };
		E8EE9FD2222451720056932A /* Metropolis-Light.otf in Resources */ = {isa = PBXBuildFile; fileRef = E8EE9FC0222451720056932A /* Metropolis-Light.otf */; };
		E8EE9FD6222454250056932A /* Fonts.swift in Sources */ = {isa = PBXBuildFile; fileRef = E8EE9FD5222454250056932A /* Fonts.swift */; };
/* End PBXBuildFile section */

/* Begin PBXContainerItemProxy section */
		E89997A7221F38BA007D3AB3 /* PBXContainerItemProxy */ = {
			isa = PBXContainerItemProxy;
			containerPortal = E80D0E891F6DC430006A2A6D /* Project object */;
			proxyType = 1;
			remoteGlobalIDString = E899979C221F38BA007D3AB3;
			remoteInfo = RNShell;
		};
		E89997A9221F38BA007D3AB3 /* PBXContainerItemProxy */ = {
			isa = PBXContainerItemProxy;
			containerPortal = E80D0E891F6DC430006A2A6D /* Project object */;
			proxyType = 1;
			remoteGlobalIDString = E80D0E901F6DC430006A2A6D;
			remoteInfo = Unhidden;
		};
		E89997B0221F38BA007D3AB3 /* PBXContainerItemProxy */ = {
			isa = PBXContainerItemProxy;
			containerPortal = E80D0E891F6DC430006A2A6D /* Project object */;
			proxyType = 1;
			remoteGlobalIDString = E899979C221F38BA007D3AB3;
			remoteInfo = RNShell;
		};
/* End PBXContainerItemProxy section */

/* Begin PBXCopyFilesBuildPhase section */
		E89997B9221F38BA007D3AB3 /* Embed Frameworks */ = {
			isa = PBXCopyFilesBuildPhase;
			buildActionMask = 2147483647;
			dstPath = "";
			dstSubfolderSpec = 10;
			files = (
				E89997B3221F38BA007D3AB3 /* RNShell.framework in Embed Frameworks */,
			);
			name = "Embed Frameworks";
			runOnlyForDeploymentPostprocessing = 0;
		};
/* End PBXCopyFilesBuildPhase section */

/* Begin PBXFileReference section */
		9288C1AA23F53EB4CC724814 /* Pods-Unhidden.debug.xcconfig */ = {isa = PBXFileReference; includeInIndex = 1; lastKnownFileType = text.xcconfig; name = "Pods-Unhidden.debug.xcconfig"; path = "Target Support Files/Pods-Unhidden/Pods-Unhidden.debug.xcconfig"; sourceTree = "<group>"; };
		BF6607DDBA04B4D4B7D722F5 /* Pods-Unhidden.release.xcconfig */ = {isa = PBXFileReference; includeInIndex = 1; lastKnownFileType = text.xcconfig; name = "Pods-Unhidden.release.xcconfig"; path = "Target Support Files/Pods-Unhidden/Pods-Unhidden.release.xcconfig"; sourceTree = "<group>"; };
		E80D0E911F6DC430006A2A6D /* Unhidden.app */ = {isa = PBXFileReference; explicitFileType = wrapper.application; includeInIndex = 0; path = Unhidden.app; sourceTree = BUILT_PRODUCTS_DIR; };
		E80D0E941F6DC430006A2A6D /* AppDelegate.swift */ = {isa = PBXFileReference; lastKnownFileType = sourcecode.swift; path = AppDelegate.swift; sourceTree = "<group>"; };
		E80D0E961F6DC430006A2A6D /* MainViewController.swift */ = {isa = PBXFileReference; lastKnownFileType = sourcecode.swift; path = MainViewController.swift; sourceTree = "<group>"; };
		E80D0E981F6DC430006A2A6D /* Assets.xcassets */ = {isa = PBXFileReference; lastKnownFileType = folder.assetcatalog; path = Assets.xcassets; sourceTree = "<group>"; };
		E80D0E9B1F6DC430006A2A6D /* Base */ = {isa = PBXFileReference; lastKnownFileType = file.storyboard; name = Base; path = Base.lproj/Main.storyboard; sourceTree = "<group>"; };
		E80D0E9D1F6DC430006A2A6D /* Info.plist */ = {isa = PBXFileReference; lastKnownFileType = text.plist.xml; path = Info.plist; sourceTree = "<group>"; };
		E85A23E61F6DD362006D38BC /* OGSwitch.swift */ = {isa = PBXFileReference; fileEncoding = 4; lastKnownFileType = sourcecode.swift; path = OGSwitch.swift; sourceTree = "<group>"; };
		E899979D221F38BA007D3AB3 /* RNShell.framework */ = {isa = PBXFileReference; explicitFileType = wrapper.framework; includeInIndex = 0; path = RNShell.framework; sourceTree = BUILT_PRODUCTS_DIR; };
		E899979F221F38BA007D3AB3 /* RNShell.h */ = {isa = PBXFileReference; lastKnownFileType = sourcecode.c.h; path = RNShell.h; sourceTree = "<group>"; };
		E89997A0221F38BA007D3AB3 /* Info.plist */ = {isa = PBXFileReference; lastKnownFileType = text.plist.xml; path = Info.plist; sourceTree = "<group>"; };
		E89997A5221F38BA007D3AB3 /* RNShellTests.xctest */ = {isa = PBXFileReference; explicitFileType = wrapper.cfbundle; includeInIndex = 0; path = RNShellTests.xctest; sourceTree = BUILT_PRODUCTS_DIR; };
		E89997AC221F38BA007D3AB3 /* RNShellTests.swift */ = {isa = PBXFileReference; lastKnownFileType = sourcecode.swift; path = RNShellTests.swift; sourceTree = "<group>"; };
		E89997AE221F38BA007D3AB3 /* Info.plist */ = {isa = PBXFileReference; lastKnownFileType = text.plist.xml; path = Info.plist; sourceTree = "<group>"; };
		E89997BB221F39AE007D3AB3 /* RNShell.swift */ = {isa = PBXFileReference; lastKnownFileType = sourcecode.swift; path = RNShell.swift; sourceTree = "<group>"; };
		E89997BD221F4BF5007D3AB3 /* ShellResult.swift */ = {isa = PBXFileReference; lastKnownFileType = sourcecode.swift; path = ShellResult.swift; sourceTree = "<group>"; };
		E8A1EF1722204451003B71A5 /* Constants.swift */ = {isa = PBXFileReference; lastKnownFileType = sourcecode.swift; path = Constants.swift; sourceTree = "<group>"; };
		E8CE15012222EADC000EFE71 /* OGSwitchDelegate.swift */ = {isa = PBXFileReference; lastKnownFileType = sourcecode.swift; path = OGSwitchDelegate.swift; sourceTree = "<group>"; };
		E8CE15032222EAEB000EFE71 /* OGSwitchState.swift */ = {isa = PBXFileReference; lastKnownFileType = sourcecode.swift; path = OGSwitchState.swift; sourceTree = "<group>"; };
		E8EE9FAF222451710056932A /* Metropolis-ExtraBoldItalic.otf */ = {isa = PBXFileReference; lastKnownFileType = file; path = "Metropolis-ExtraBoldItalic.otf"; sourceTree = "<group>"; };
		E8EE9FB0222451710056932A /* Metropolis-RegularItalic.otf */ = {isa = PBXFileReference; lastKnownFileType = file; path = "Metropolis-RegularItalic.otf"; sourceTree = "<group>"; };
		E8EE9FB1222451710056932A /* Metropolis-Black.otf */ = {isa = PBXFileReference; lastKnownFileType = file; path = "Metropolis-Black.otf"; sourceTree = "<group>"; };
		E8EE9FB2222451710056932A /* Metropolis-LightItalic.otf */ = {isa = PBXFileReference; lastKnownFileType = file; path = "Metropolis-LightItalic.otf"; sourceTree = "<group>"; };
		E8EE9FB3222451710056932A /* Metropolis-ExtraLight.otf */ = {isa = PBXFileReference; lastKnownFileType = file; path = "Metropolis-ExtraLight.otf"; sourceTree = "<group>"; };
		E8EE9FB4222451710056932A /* Metropolis-Medium.otf */ = {isa = PBXFileReference; lastKnownFileType = file; path = "Metropolis-Medium.otf"; sourceTree = "<group>"; };
		E8EE9FB5222451710056932A /* Metropolis-ExtraBold.otf */ = {isa = PBXFileReference; lastKnownFileType = file; path = "Metropolis-ExtraBold.otf"; sourceTree = "<group>"; };
		E8EE9FB6222451710056932A /* Metropolis-Regular.otf */ = {isa = PBXFileReference; lastKnownFileType = file; path = "Metropolis-Regular.otf"; sourceTree = "<group>"; };
		E8EE9FB7222451710056932A /* Metropolis-MediumItalic.otf */ = {isa = PBXFileReference; lastKnownFileType = file; path = "Metropolis-MediumItalic.otf"; sourceTree = "<group>"; };
		E8EE9FB8222451710056932A /* Metropolis-Bold.otf */ = {isa = PBXFileReference; lastKnownFileType = file; path = "Metropolis-Bold.otf"; sourceTree = "<group>"; };
		E8EE9FB9222451710056932A /* Metropolis-Thin.otf */ = {isa = PBXFileReference; lastKnownFileType = file; path = "Metropolis-Thin.otf"; sourceTree = "<group>"; };
		E8EE9FBA222451710056932A /* Metropolis-BoldItalic.otf */ = {isa = PBXFileReference; lastKnownFileType = file; path = "Metropolis-BoldItalic.otf"; sourceTree = "<group>"; };
		E8EE9FBB222451710056932A /* Metropolis-SemiBold.otf */ = {isa = PBXFileReference; lastKnownFileType = file; path = "Metropolis-SemiBold.otf"; sourceTree = "<group>"; };
		E8EE9FBC222451720056932A /* Metropolis-ExtraLightItalic.otf */ = {isa = PBXFileReference; lastKnownFileType = file; path = "Metropolis-ExtraLightItalic.otf"; sourceTree = "<group>"; };
		E8EE9FBD222451720056932A /* Metropolis-BlackItalic.otf */ = {isa = PBXFileReference; lastKnownFileType = file; path = "Metropolis-BlackItalic.otf"; sourceTree = "<group>"; };
		E8EE9FBE222451720056932A /* Metropolis-ThinItalic.otf */ = {isa = PBXFileReference; lastKnownFileType = file; path = "Metropolis-ThinItalic.otf"; sourceTree = "<group>"; };
		E8EE9FBF222451720056932A /* Metropolis-SemiBoldItalic.otf */ = {isa = PBXFileReference; lastKnownFileType = file; path = "Metropolis-SemiBoldItalic.otf"; sourceTree = "<group>"; };
		E8EE9FC0222451720056932A /* Metropolis-Light.otf */ = {isa = PBXFileReference; lastKnownFileType = file; path = "Metropolis-Light.otf"; sourceTree = "<group>"; };
		E8EE9FD5222454250056932A /* Fonts.swift */ = {isa = PBXFileReference; fileEncoding = 4; lastKnownFileType = sourcecode.swift; path = Fonts.swift; sourceTree = "<group>"; };
		EC5EDABCCF68AAE8B8D86722 /* Pods_Unhidden.framework */ = {isa = PBXFileReference; explicitFileType = wrapper.framework; includeInIndex = 0; path = Pods_Unhidden.framework; sourceTree = BUILT_PRODUCTS_DIR; };
/* End PBXFileReference section */

/* Begin PBXFrameworksBuildPhase section */
		E80D0E8E1F6DC430006A2A6D /* Frameworks */ = {
			isa = PBXFrameworksBuildPhase;
			buildActionMask = 2147483647;
			files = (
				9A9205D4976E5D1C48BEF203 /* Pods_Unhidden.framework in Frameworks */,
				E89997B2221F38BA007D3AB3 /* RNShell.framework in Frameworks */,
			);
			runOnlyForDeploymentPostprocessing = 0;
		};
		E899979A221F38BA007D3AB3 /* Frameworks */ = {
			isa = PBXFrameworksBuildPhase;
			buildActionMask = 2147483647;
			files = (
			);
			runOnlyForDeploymentPostprocessing = 0;
		};
		E89997A2221F38BA007D3AB3 /* Frameworks */ = {
			isa = PBXFrameworksBuildPhase;
			buildActionMask = 2147483647;
			files = (
				E89997A6221F38BA007D3AB3 /* RNShell.framework in Frameworks */,
			);
			runOnlyForDeploymentPostprocessing = 0;
		};
/* End PBXFrameworksBuildPhase section */

/* Begin PBXGroup section */
		2E061BE3EFFBC1C17D672060 /* Frameworks */ = {
			isa = PBXGroup;
			children = (
				EC5EDABCCF68AAE8B8D86722 /* Pods_Unhidden.framework */,
			);
			name = Frameworks;
			sourceTree = "<group>";
		};
		7F5B3DFDB322739C2F0712D8 /* Pods */ = {
			isa = PBXGroup;
			children = (
				9288C1AA23F53EB4CC724814 /* Pods-Unhidden.debug.xcconfig */,
				BF6607DDBA04B4D4B7D722F5 /* Pods-Unhidden.release.xcconfig */,
			);
			path = Pods;
			sourceTree = "<group>";
		};
		E80D0E881F6DC430006A2A6D = {
			isa = PBXGroup;
			children = (
				E80D0E931F6DC430006A2A6D /* Unhidden */,
				E899979E221F38BA007D3AB3 /* RNShell */,
				E89997AB221F38BA007D3AB3 /* RNShellTests */,
				E80D0E921F6DC430006A2A6D /* Products */,
				7F5B3DFDB322739C2F0712D8 /* Pods */,
				2E061BE3EFFBC1C17D672060 /* Frameworks */,
			);
			sourceTree = "<group>";
		};
		E80D0E921F6DC430006A2A6D /* Products */ = {
			isa = PBXGroup;
			children = (
				E80D0E911F6DC430006A2A6D /* Unhidden.app */,
				E899979D221F38BA007D3AB3 /* RNShell.framework */,
				E89997A5221F38BA007D3AB3 /* RNShellTests.xctest */,
			);
			name = Products;
			sourceTree = "<group>";
		};
		E80D0E931F6DC430006A2A6D /* Unhidden */ = {
			isa = PBXGroup;
			children = (
				E8EE9FD4222451930056932A /* Generated */,
				E8EE9F89222450B50056932A /* Resources */,
				E85A23E31F6DD303006D38BC /* Supporting Files */,
				E85A23E21F6DD2FA006D38BC /* View */,
				E85A23E11F6DD2F2006D38BC /* Controller */,
				E80D0E941F6DC430006A2A6D /* AppDelegate.swift */,
				E80D0E981F6DC430006A2A6D /* Assets.xcassets */,
				E80D0E9A1F6DC430006A2A6D /* Main.storyboard */,
				E80D0E9D1F6DC430006A2A6D /* Info.plist */,
			);
			path = Unhidden;
			sourceTree = "<group>";
		};
		E85A23E11F6DD2F2006D38BC /* Controller */ = {
			isa = PBXGroup;
			children = (
				E80D0E961F6DC430006A2A6D /* MainViewController.swift */,
			);
			name = Controller;
			sourceTree = "<group>";
		};
		E85A23E21F6DD2FA006D38BC /* View */ = {
			isa = PBXGroup;
			children = (
				E8CE15002222EAC5000EFE71 /* OGSwitch */,
			);
			name = View;
			sourceTree = "<group>";
		};
		E85A23E31F6DD303006D38BC /* Supporting Files */ = {
			isa = PBXGroup;
			children = (
				E8A1EF1722204451003B71A5 /* Constants.swift */,
			);
			name = "Supporting Files";
			sourceTree = "<group>";
		};
		E899979E221F38BA007D3AB3 /* RNShell */ = {
			isa = PBXGroup;
			children = (
				E899979F221F38BA007D3AB3 /* RNShell.h */,
				E89997A0221F38BA007D3AB3 /* Info.plist */,
				E89997BB221F39AE007D3AB3 /* RNShell.swift */,
				E89997BD221F4BF5007D3AB3 /* ShellResult.swift */,
			);
			path = RNShell;
			sourceTree = "<group>";
		};
		E89997AB221F38BA007D3AB3 /* RNShellTests */ = {
			isa = PBXGroup;
			children = (
				E89997AC221F38BA007D3AB3 /* RNShellTests.swift */,
				E89997AE221F38BA007D3AB3 /* Info.plist */,
			);
			path = RNShellTests;
			sourceTree = "<group>";
		};
		E8CE15002222EAC5000EFE71 /* OGSwitch */ = {
			isa = PBXGroup;
			children = (
				E85A23E61F6DD362006D38BC /* OGSwitch.swift */,
				E8CE15012222EADC000EFE71 /* OGSwitchDelegate.swift */,
				E8CE15032222EAEB000EFE71 /* OGSwitchState.swift */,
			);
			name = OGSwitch;
			sourceTree = "<group>";
		};
		E8EE9F89222450B50056932A /* Resources */ = {
			isa = PBXGroup;
			children = (
				E8EE9F8A222450C60056932A /* Fonts */,
			);
			path = Resources;
			sourceTree = "<group>";
		};
		E8EE9F8A222450C60056932A /* Fonts */ = {
			isa = PBXGroup;
			children = (
				E8EE9FB1222451710056932A /* Metropolis-Black.otf */,
				E8EE9FBD222451720056932A /* Metropolis-BlackItalic.otf */,
				E8EE9FB8222451710056932A /* Metropolis-Bold.otf */,
				E8EE9FBA222451710056932A /* Metropolis-BoldItalic.otf */,
				E8EE9FB5222451710056932A /* Metropolis-ExtraBold.otf */,
				E8EE9FAF222451710056932A /* Metropolis-ExtraBoldItalic.otf */,
				E8EE9FB3222451710056932A /* Metropolis-ExtraLight.otf */,
				E8EE9FBC222451720056932A /* Metropolis-ExtraLightItalic.otf */,
				E8EE9FC0222451720056932A /* Metropolis-Light.otf */,
				E8EE9FB2222451710056932A /* Metropolis-LightItalic.otf */,
				E8EE9FB4222451710056932A /* Metropolis-Medium.otf */,
				E8EE9FB7222451710056932A /* Metropolis-MediumItalic.otf */,
				E8EE9FB6222451710056932A /* Metropolis-Regular.otf */,
				E8EE9FB0222451710056932A /* Metropolis-RegularItalic.otf */,
				E8EE9FBB222451710056932A /* Metropolis-SemiBold.otf */,
				E8EE9FBF222451720056932A /* Metropolis-SemiBoldItalic.otf */,
				E8EE9FB9222451710056932A /* Metropolis-Thin.otf */,
				E8EE9FBE222451720056932A /* Metropolis-ThinItalic.otf */,
			);
			path = Fonts;
			sourceTree = "<group>";
		};
		E8EE9FD4222451930056932A /* Generated */ = {
			isa = PBXGroup;
			children = (
				E8EE9FD5222454250056932A /* Fonts.swift */,
			);
			path = Generated;
			sourceTree = "<group>";
		};
/* End PBXGroup section */

/* Begin PBXHeadersBuildPhase section */
		E8999798221F38BA007D3AB3 /* Headers */ = {
			isa = PBXHeadersBuildPhase;
			buildActionMask = 2147483647;
			files = (
				E89997AF221F38BA007D3AB3 /* RNShell.h in Headers */,
			);
			runOnlyForDeploymentPostprocessing = 0;
		};
/* End PBXHeadersBuildPhase section */

/* Begin PBXNativeTarget section */
		E80D0E901F6DC430006A2A6D /* Unhidden */ = {
			isa = PBXNativeTarget;
			buildConfigurationList = E80D0EA01F6DC430006A2A6D /* Build configuration list for PBXNativeTarget "Unhidden" */;
			buildPhases = (
				779D710A6497B302F8BB0399 /* [CP] Check Pods Manifest.lock */,
				E80D0E8D1F6DC430006A2A6D /* Sources */,
				E80D0E8E1F6DC430006A2A6D /* Frameworks */,
				E80D0E8F1F6DC430006A2A6D /* Resources */,
				E8517804221F30D500EC05BF /* ShellScript */,
				FE8B3D9495DCA794101AC6EF /* [CP] Embed Pods Frameworks */,
				E89997B9221F38BA007D3AB3 /* Embed Frameworks */,
			);
			buildRules = (
			);
			dependencies = (
				E89997B1221F38BA007D3AB3 /* PBXTargetDependency */,
			);
			name = Unhidden;
			productName = Unhidden;
			productReference = E80D0E911F6DC430006A2A6D /* Unhidden.app */;
			productType = "com.apple.product-type.application";
		};
		E899979C221F38BA007D3AB3 /* RNShell */ = {
			isa = PBXNativeTarget;
			buildConfigurationList = E89997B8221F38BA007D3AB3 /* Build configuration list for PBXNativeTarget "RNShell" */;
			buildPhases = (
				E8999798221F38BA007D3AB3 /* Headers */,
				E8999799221F38BA007D3AB3 /* Sources */,
				E899979A221F38BA007D3AB3 /* Frameworks */,
				E899979B221F38BA007D3AB3 /* Resources */,
			);
			buildRules = (
			);
			dependencies = (
			);
			name = RNShell;
			productName = RNShell;
			productReference = E899979D221F38BA007D3AB3 /* RNShell.framework */;
			productType = "com.apple.product-type.framework";
		};
		E89997A4221F38BA007D3AB3 /* RNShellTests */ = {
			isa = PBXNativeTarget;
			buildConfigurationList = E89997BA221F38BA007D3AB3 /* Build configuration list for PBXNativeTarget "RNShellTests" */;
			buildPhases = (
				E89997A1221F38BA007D3AB3 /* Sources */,
				E89997A2221F38BA007D3AB3 /* Frameworks */,
				E89997A3221F38BA007D3AB3 /* Resources */,
			);
			buildRules = (
			);
			dependencies = (
				E89997A8221F38BA007D3AB3 /* PBXTargetDependency */,
				E89997AA221F38BA007D3AB3 /* PBXTargetDependency */,
			);
			name = RNShellTests;
			productName = RNShellTests;
			productReference = E89997A5221F38BA007D3AB3 /* RNShellTests.xctest */;
			productType = "com.apple.product-type.bundle.unit-test";
		};
/* End PBXNativeTarget section */

/* Begin PBXProject section */
		E80D0E891F6DC430006A2A6D /* Project object */ = {
			isa = PBXProject;
			attributes = {
				CLASSPREFIX = RN;
				LastSwiftUpdateCheck = 1010;
				LastUpgradeCheck = 0930;
				ORGANIZATIONNAME = Rayhan;
				TargetAttributes = {
					E80D0E901F6DC430006A2A6D = {
						CreatedOnToolsVersion = 8.3.3;
						DevelopmentTeam = JBR76RZGD2;
						LastSwiftMigration = 1010;
						ProvisioningStyle = Automatic;
						SystemCapabilities = {
							com.apple.Sandbox = {
								enabled = 0;
							};
						};
					};
					E899979C221F38BA007D3AB3 = {
						CreatedOnToolsVersion = 10.1;
						DevelopmentTeam = JBR76RZGD2;
						LastSwiftMigration = 1010;
						ProvisioningStyle = Automatic;
					};
					E89997A4221F38BA007D3AB3 = {
						CreatedOnToolsVersion = 10.1;
						DevelopmentTeam = JBR76RZGD2;
						ProvisioningStyle = Automatic;
						TestTargetID = E80D0E901F6DC430006A2A6D;
					};
				};
			};
			buildConfigurationList = E80D0E8C1F6DC430006A2A6D /* Build configuration list for PBXProject "Unhidden" */;
			compatibilityVersion = "Xcode 3.2";
			developmentRegion = English;
			hasScannedForEncodings = 0;
			knownRegions = (
				en,
				Base,
			);
			mainGroup = E80D0E881F6DC430006A2A6D;
			productRefGroup = E80D0E921F6DC430006A2A6D /* Products */;
			projectDirPath = "";
			projectRoot = "";
			targets = (
				E80D0E901F6DC430006A2A6D /* Unhidden */,
				E899979C221F38BA007D3AB3 /* RNShell */,
				E89997A4221F38BA007D3AB3 /* RNShellTests */,
			);
		};
/* End PBXProject section */

/* Begin PBXResourcesBuildPhase section */
		E80D0E8F1F6DC430006A2A6D /* Resources */ = {
			isa = PBXResourcesBuildPhase;
			buildActionMask = 2147483647;
			files = (
				E8EE9FD0222451720056932A /* Metropolis-ThinItalic.otf in Resources */,
				E8EE9FCC222451720056932A /* Metropolis-BoldItalic.otf in Resources */,
				E8EE9FCD222451720056932A /* Metropolis-SemiBold.otf in Resources */,
				E8EE9FC8222451720056932A /* Metropolis-Regular.otf in Resources */,
				E8EE9FCE222451720056932A /* Metropolis-ExtraLightItalic.otf in Resources */,
				E8EE9FCB222451720056932A /* Metropolis-Thin.otf in Resources */,
				E8EE9FC6222451720056932A /* Metropolis-Medium.otf in Resources */,
				E8EE9FCA222451720056932A /* Metropolis-Bold.otf in Resources */,
				E8EE9FC3222451720056932A /* Metropolis-Black.otf in Resources */,
				E80D0E991F6DC430006A2A6D /* Assets.xcassets in Resources */,
				E8EE9FCF222451720056932A /* Metropolis-BlackItalic.otf in Resources */,
				E8EE9FD1222451720056932A /* Metropolis-SemiBoldItalic.otf in Resources */,
				E8EE9FC5222451720056932A /* Metropolis-ExtraLight.otf in Resources */,
				E8EE9FC1222451720056932A /* Metropolis-ExtraBoldItalic.otf in Resources */,
				E8EE9FD2222451720056932A /* Metropolis-Light.otf in Resources */,
				E8EE9FC9222451720056932A /* Metropolis-MediumItalic.otf in Resources */,
				E8EE9FC2222451720056932A /* Metropolis-RegularItalic.otf in Resources */,
				E8EE9FC4222451720056932A /* Metropolis-LightItalic.otf in Resources */,
				E80D0E9C1F6DC430006A2A6D /* Main.storyboard in Resources */,
				E8EE9FC7222451720056932A /* Metropolis-ExtraBold.otf in Resources */,
			);
			runOnlyForDeploymentPostprocessing = 0;
		};
		E899979B221F38BA007D3AB3 /* Resources */ = {
			isa = PBXResourcesBuildPhase;
			buildActionMask = 2147483647;
			files = (
			);
			runOnlyForDeploymentPostprocessing = 0;
		};
		E89997A3221F38BA007D3AB3 /* Resources */ = {
			isa = PBXResourcesBuildPhase;
			buildActionMask = 2147483647;
			files = (
			);
			runOnlyForDeploymentPostprocessing = 0;
		};
/* End PBXResourcesBuildPhase section */

/* Begin PBXShellScriptBuildPhase section */
		779D710A6497B302F8BB0399 /* [CP] Check Pods Manifest.lock */ = {
			isa = PBXShellScriptBuildPhase;
			buildActionMask = 2147483647;
			files = (
			);
			inputFileListPaths = (
			);
			inputPaths = (
				"${PODS_PODFILE_DIR_PATH}/Podfile.lock",
				"${PODS_ROOT}/Manifest.lock",
			);
			name = "[CP] Check Pods Manifest.lock";
			outputFileListPaths = (
			);
			outputPaths = (
				"$(DERIVED_FILE_DIR)/Pods-Unhidden-checkManifestLockResult.txt",
			);
			runOnlyForDeploymentPostprocessing = 0;
			shellPath = /bin/sh;
			shellScript = "diff \"${PODS_PODFILE_DIR_PATH}/Podfile.lock\" \"${PODS_ROOT}/Manifest.lock\" > /dev/null\nif [ $? != 0 ] ; then\n    # print error to STDERR\n    echo \"error: The sandbox is not in sync with the Podfile.lock. Run 'pod install' or update your CocoaPods installation.\" >&2\n    exit 1\nfi\n# This output is used by Xcode 'outputs' to avoid re-running this script phase.\necho \"SUCCESS\" > \"${SCRIPT_OUTPUT_FILE_0}\"\n";
			showEnvVarsInLog = 0;
		};
		E8517804221F30D500EC05BF /* ShellScript */ = {
			isa = PBXShellScriptBuildPhase;
			buildActionMask = 2147483647;
			files = (
			);
			inputFileListPaths = (
			);
			inputPaths = (
			);
			outputFileListPaths = (
			);
			outputPaths = (
			);
			runOnlyForDeploymentPostprocessing = 0;
			shellPath = /bin/sh;
			shellScript = "buildNumber=$(/usr/libexec/PlistBuddy -c \"Print CFBundleVersion\" \"${PROJECT_DIR}/${INFOPLIST_FILE}\")\nbuildNumber=$(($buildNumber + 1))\n/usr/libexec/PlistBuddy -c \"Set :CFBundleVersion $buildNumber\" \"${PROJECT_DIR}/${INFOPLIST_FILE}\"\n";
		};
		FE8B3D9495DCA794101AC6EF /* [CP] Embed Pods Frameworks */ = {
			isa = PBXShellScriptBuildPhase;
			buildActionMask = 2147483647;
			files = (
			);
			inputFileListPaths = (
			);
			inputPaths = (
				"${PODS_ROOT}/Target Support Files/Pods-Unhidden/Pods-Unhidden-frameworks.sh",
				"${BUILT_PRODUCTS_DIR}/lottie-ios/Lottie.framework",
			);
			name = "[CP] Embed Pods Frameworks";
			outputFileListPaths = (
			);
			outputPaths = (
				"${TARGET_BUILD_DIR}/${FRAMEWORKS_FOLDER_PATH}/Lottie.framework",
			);
			runOnlyForDeploymentPostprocessing = 0;
			shellPath = /bin/sh;
			shellScript = "\"${PODS_ROOT}/Target Support Files/Pods-Unhidden/Pods-Unhidden-frameworks.sh\"\n";
			showEnvVarsInLog = 0;
		};
/* End PBXShellScriptBuildPhase section */

/* Begin PBXSourcesBuildPhase section */
		E80D0E8D1F6DC430006A2A6D /* Sources */ = {
			isa = PBXSourcesBuildPhase;
			buildActionMask = 2147483647;
			files = (
				E80D0E971F6DC430006A2A6D /* MainViewController.swift in Sources */,
				E8CE15042222EAEB000EFE71 /* OGSwitchState.swift in Sources */,
				E85A23E71F6DD362006D38BC /* OGSwitch.swift in Sources */,
				E8CE15022222EADC000EFE71 /* OGSwitchDelegate.swift in Sources */,
				E8EE9FD6222454250056932A /* Fonts.swift in Sources */,
				E8A1EF1822204451003B71A5 /* Constants.swift in Sources */,
				E80D0E951F6DC430006A2A6D /* AppDelegate.swift in Sources */,
			);
			runOnlyForDeploymentPostprocessing = 0;
		};
		E8999799221F38BA007D3AB3 /* Sources */ = {
			isa = PBXSourcesBuildPhase;
			buildActionMask = 2147483647;
			files = (
				E89997BC221F39AE007D3AB3 /* RNShell.swift in Sources */,
				E89997BE221F4BF5007D3AB3 /* ShellResult.swift in Sources */,
			);
			runOnlyForDeploymentPostprocessing = 0;
		};
		E89997A1221F38BA007D3AB3 /* Sources */ = {
			isa = PBXSourcesBuildPhase;
			buildActionMask = 2147483647;
			files = (
				E89997AD221F38BA007D3AB3 /* RNShellTests.swift in Sources */,
			);
			runOnlyForDeploymentPostprocessing = 0;
		};
/* End PBXSourcesBuildPhase section */

/* Begin PBXTargetDependency section */
		E89997A8221F38BA007D3AB3 /* PBXTargetDependency */ = {
			isa = PBXTargetDependency;
			target = E899979C221F38BA007D3AB3 /* RNShell */;
			targetProxy = E89997A7221F38BA007D3AB3 /* PBXContainerItemProxy */;
		};
		E89997AA221F38BA007D3AB3 /* PBXTargetDependency */ = {
			isa = PBXTargetDependency;
			target = E80D0E901F6DC430006A2A6D /* Unhidden */;
			targetProxy = E89997A9221F38BA007D3AB3 /* PBXContainerItemProxy */;
		};
		E89997B1221F38BA007D3AB3 /* PBXTargetDependency */ = {
			isa = PBXTargetDependency;
			target = E899979C221F38BA007D3AB3 /* RNShell */;
			targetProxy = E89997B0221F38BA007D3AB3 /* PBXContainerItemProxy */;
		};
/* End PBXTargetDependency section */

/* Begin PBXVariantGroup section */
		E80D0E9A1F6DC430006A2A6D /* Main.storyboard */ = {
			isa = PBXVariantGroup;
			children = (
				E80D0E9B1F6DC430006A2A6D /* Base */,
			);
			name = Main.storyboard;
			sourceTree = "<group>";
		};
/* End PBXVariantGroup section */

/* Begin XCBuildConfiguration section */
		E80D0E9E1F6DC430006A2A6D /* Debug */ = {
			isa = XCBuildConfiguration;
			buildSettings = {
				ALWAYS_SEARCH_USER_PATHS = NO;
				ASSETCATALOG_COMPILER_APPICON_NAME = AppIcon;
				CLANG_ANALYZER_NONNULL = YES;
				CLANG_ANALYZER_NUMBER_OBJECT_CONVERSION = YES_AGGRESSIVE;
				CLANG_CXX_LANGUAGE_STANDARD = "gnu++0x";
				CLANG_CXX_LIBRARY = "libc++";
				CLANG_ENABLE_MODULES = YES;
				CLANG_ENABLE_OBJC_ARC = YES;
				CLANG_WARN_BLOCK_CAPTURE_AUTORELEASING = YES;
				CLANG_WARN_BOOL_CONVERSION = YES;
				CLANG_WARN_COMMA = YES;
				CLANG_WARN_CONSTANT_CONVERSION = YES;
				CLANG_WARN_DEPRECATED_OBJC_IMPLEMENTATIONS = YES;
				CLANG_WARN_DIRECT_OBJC_ISA_USAGE = YES_ERROR;
				CLANG_WARN_DOCUMENTATION_COMMENTS = YES;
				CLANG_WARN_EMPTY_BODY = YES;
				CLANG_WARN_ENUM_CONVERSION = YES;
				CLANG_WARN_INFINITE_RECURSION = YES;
				CLANG_WARN_INT_CONVERSION = YES;
				CLANG_WARN_NON_LITERAL_NULL_CONVERSION = YES;
				CLANG_WARN_OBJC_IMPLICIT_RETAIN_SELF = YES;
				CLANG_WARN_OBJC_LITERAL_CONVERSION = YES;
				CLANG_WARN_OBJC_ROOT_CLASS = YES_ERROR;
				CLANG_WARN_RANGE_LOOP_ANALYSIS = YES;
				CLANG_WARN_STRICT_PROTOTYPES = YES;
				CLANG_WARN_SUSPICIOUS_MOVE = YES;
				CLANG_WARN_UNREACHABLE_CODE = YES;
				CLANG_WARN__DUPLICATE_METHOD_MATCH = YES;
				CODE_SIGN_IDENTITY = "-";
				COPY_PHASE_STRIP = NO;
				DEBUG_INFORMATION_FORMAT = dwarf;
				ENABLE_STRICT_OBJC_MSGSEND = YES;
				ENABLE_TESTABILITY = YES;
				GCC_C_LANGUAGE_STANDARD = gnu99;
				GCC_DYNAMIC_NO_PIC = NO;
				GCC_NO_COMMON_BLOCKS = YES;
				GCC_OPTIMIZATION_LEVEL = 0;
				GCC_PREPROCESSOR_DEFINITIONS = (
					"DEBUG=1",
					"$(inherited)",
				);
				GCC_WARN_64_TO_32_BIT_CONVERSION = YES;
				GCC_WARN_ABOUT_RETURN_TYPE = YES_ERROR;
				GCC_WARN_UNDECLARED_SELECTOR = YES;
				GCC_WARN_UNINITIALIZED_AUTOS = YES_AGGRESSIVE;
				GCC_WARN_UNUSED_FUNCTION = YES;
				GCC_WARN_UNUSED_VARIABLE = YES;
				MACOSX_DEPLOYMENT_TARGET = 10.12;
				MTL_ENABLE_DEBUG_INFO = YES;
				ONLY_ACTIVE_ARCH = YES;
				SDKROOT = macosx;
				SWIFT_ACTIVE_COMPILATION_CONDITIONS = DEBUG;
				SWIFT_OPTIMIZATION_LEVEL = "-Onone";
				SWIFT_SWIFT3_OBJC_INFERENCE = Off;
			};
			name = Debug;
		};
		E80D0E9F1F6DC430006A2A6D /* Release */ = {
			isa = XCBuildConfiguration;
			buildSettings = {
				ALWAYS_SEARCH_USER_PATHS = NO;
				ASSETCATALOG_COMPILER_APPICON_NAME = AppIcon;
				CLANG_ANALYZER_NONNULL = YES;
				CLANG_ANALYZER_NUMBER_OBJECT_CONVERSION = YES_AGGRESSIVE;
				CLANG_CXX_LANGUAGE_STANDARD = "gnu++0x";
				CLANG_CXX_LIBRARY = "libc++";
				CLANG_ENABLE_MODULES = YES;
				CLANG_ENABLE_OBJC_ARC = YES;
				CLANG_WARN_BLOCK_CAPTURE_AUTORELEASING = YES;
				CLANG_WARN_BOOL_CONVERSION = YES;
				CLANG_WARN_COMMA = YES;
				CLANG_WARN_CONSTANT_CONVERSION = YES;
				CLANG_WARN_DEPRECATED_OBJC_IMPLEMENTATIONS = YES;
				CLANG_WARN_DIRECT_OBJC_ISA_USAGE = YES_ERROR;
				CLANG_WARN_DOCUMENTATION_COMMENTS = YES;
				CLANG_WARN_EMPTY_BODY = YES;
				CLANG_WARN_ENUM_CONVERSION = YES;
				CLANG_WARN_INFINITE_RECURSION = YES;
				CLANG_WARN_INT_CONVERSION = YES;
				CLANG_WARN_NON_LITERAL_NULL_CONVERSION = YES;
				CLANG_WARN_OBJC_IMPLICIT_RETAIN_SELF = YES;
				CLANG_WARN_OBJC_LITERAL_CONVERSION = YES;
				CLANG_WARN_OBJC_ROOT_CLASS = YES_ERROR;
				CLANG_WARN_RANGE_LOOP_ANALYSIS = YES;
				CLANG_WARN_STRICT_PROTOTYPES = YES;
				CLANG_WARN_SUSPICIOUS_MOVE = YES;
				CLANG_WARN_UNREACHABLE_CODE = YES;
				CLANG_WARN__DUPLICATE_METHOD_MATCH = YES;
				CODE_SIGN_IDENTITY = "-";
				COPY_PHASE_STRIP = NO;
				DEBUG_INFORMATION_FORMAT = "dwarf-with-dsym";
				ENABLE_NS_ASSERTIONS = NO;
				ENABLE_STRICT_OBJC_MSGSEND = YES;
				GCC_C_LANGUAGE_STANDARD = gnu99;
				GCC_NO_COMMON_BLOCKS = YES;
				GCC_WARN_64_TO_32_BIT_CONVERSION = YES;
				GCC_WARN_ABOUT_RETURN_TYPE = YES_ERROR;
				GCC_WARN_UNDECLARED_SELECTOR = YES;
				GCC_WARN_UNINITIALIZED_AUTOS = YES_AGGRESSIVE;
				GCC_WARN_UNUSED_FUNCTION = YES;
				GCC_WARN_UNUSED_VARIABLE = YES;
				MACOSX_DEPLOYMENT_TARGET = 10.12;
				MTL_ENABLE_DEBUG_INFO = NO;
				SDKROOT = macosx;
				SWIFT_OPTIMIZATION_LEVEL = "-Owholemodule";
				SWIFT_SWIFT3_OBJC_INFERENCE = Off;
			};
			name = Release;
		};
		E80D0EA11F6DC430006A2A6D /* Debug */ = {
			isa = XCBuildConfiguration;
			baseConfigurationReference = 9288C1AA23F53EB4CC724814 /* Pods-Unhidden.debug.xcconfig */;
			buildSettings = {
				ALWAYS_EMBED_SWIFT_STANDARD_LIBRARIES = YES;
				ASSETCATALOG_COMPILER_APPICON_NAME = AppIcon;
				CODE_SIGN_IDENTITY = "Mac Developer";
				COMBINE_HIDPI_IMAGES = YES;
				DEVELOPMENT_TEAM = JBR76RZGD2;
				INFOPLIST_FILE = Unhidden/Info.plist;
				LD_RUNPATH_SEARCH_PATHS = "$(inherited) @executable_path/../Frameworks";
				MACOSX_DEPLOYMENT_TARGET = 10.12;
				PRODUCT_BUNDLE_IDENTIFIER = com.rayhannabi.macos.Unhidden;
				PRODUCT_NAME = "$(TARGET_NAME)";
				PROVISIONING_PROFILE_SPECIFIER = "";
				SWIFT_VERSION = 4.2;
			};
			name = Debug;
		};
		E80D0EA21F6DC430006A2A6D /* Release */ = {
			isa = XCBuildConfiguration;
			baseConfigurationReference = BF6607DDBA04B4D4B7D722F5 /* Pods-Unhidden.release.xcconfig */;
			buildSettings = {
				ALWAYS_EMBED_SWIFT_STANDARD_LIBRARIES = YES;
				ASSETCATALOG_COMPILER_APPICON_NAME = AppIcon;
				CODE_SIGN_IDENTITY = "Mac Developer";
				COMBINE_HIDPI_IMAGES = YES;
				DEVELOPMENT_TEAM = JBR76RZGD2;
				INFOPLIST_FILE = Unhidden/Info.plist;
				LD_RUNPATH_SEARCH_PATHS = "$(inherited) @executable_path/../Frameworks";
				MACOSX_DEPLOYMENT_TARGET = 10.12;
				PRODUCT_BUNDLE_IDENTIFIER = com.rayhannabi.macos.Unhidden;
				PRODUCT_NAME = "$(TARGET_NAME)";
				PROVISIONING_PROFILE_SPECIFIER = "";
				SWIFT_VERSION = 4.2;
			};
			name = Release;
		};
		E89997B4221F38BA007D3AB3 /* Debug */ = {
			isa = XCBuildConfiguration;
			buildSettings = {
				CLANG_CXX_LANGUAGE_STANDARD = "gnu++14";
				CLANG_ENABLE_MODULES = YES;
				CLANG_ENABLE_OBJC_WEAK = YES;
				CLANG_WARN_UNGUARDED_AVAILABILITY = YES_AGGRESSIVE;
				CODE_SIGN_IDENTITY = "Mac Developer";
				CODE_SIGN_STYLE = Automatic;
				COMBINE_HIDPI_IMAGES = YES;
				CURRENT_PROJECT_VERSION = 1;
				DEFINES_MODULE = YES;
				DEVELOPMENT_TEAM = JBR76RZGD2;
				DYLIB_COMPATIBILITY_VERSION = 1;
				DYLIB_CURRENT_VERSION = 1;
				DYLIB_INSTALL_NAME_BASE = "@rpath";
				FRAMEWORK_VERSION = A;
				GCC_C_LANGUAGE_STANDARD = gnu11;
				INFOPLIST_FILE = RNShell/Info.plist;
				INSTALL_PATH = "$(LOCAL_LIBRARY_DIR)/Frameworks";
				LD_RUNPATH_SEARCH_PATHS = "$(inherited) @executable_path/../Frameworks @loader_path/Frameworks";
				MACOSX_DEPLOYMENT_TARGET = 10.12;
				MTL_ENABLE_DEBUG_INFO = INCLUDE_SOURCE;
				MTL_FAST_MATH = YES;
				PRODUCT_BUNDLE_IDENTIFIER = com.rayhannabi.macos.RNShell;
				PRODUCT_NAME = "$(TARGET_NAME:c99extidentifier)";
				SKIP_INSTALL = YES;
				SWIFT_OPTIMIZATION_LEVEL = "-Onone";
				SWIFT_VERSION = 4.2;
				VERSIONING_SYSTEM = "apple-generic";
				VERSION_INFO_PREFIX = "";
			};
			name = Debug;
		};
		E89997B5221F38BA007D3AB3 /* Release */ = {
			isa = XCBuildConfiguration;
			buildSettings = {
				CLANG_CXX_LANGUAGE_STANDARD = "gnu++14";
				CLANG_ENABLE_MODULES = YES;
				CLANG_ENABLE_OBJC_WEAK = YES;
				CLANG_WARN_UNGUARDED_AVAILABILITY = YES_AGGRESSIVE;
				CODE_SIGN_IDENTITY = "Mac Developer";
				CODE_SIGN_STYLE = Automatic;
				COMBINE_HIDPI_IMAGES = YES;
				CURRENT_PROJECT_VERSION = 1;
				DEFINES_MODULE = YES;
				DEVELOPMENT_TEAM = JBR76RZGD2;
				DYLIB_COMPATIBILITY_VERSION = 1;
				DYLIB_CURRENT_VERSION = 1;
				DYLIB_INSTALL_NAME_BASE = "@rpath";
				FRAMEWORK_VERSION = A;
				GCC_C_LANGUAGE_STANDARD = gnu11;
				INFOPLIST_FILE = RNShell/Info.plist;
				INSTALL_PATH = "$(LOCAL_LIBRARY_DIR)/Frameworks";
				LD_RUNPATH_SEARCH_PATHS = "$(inherited) @executable_path/../Frameworks @loader_path/Frameworks";
				MACOSX_DEPLOYMENT_TARGET = 10.12;
				MTL_FAST_MATH = YES;
				PRODUCT_BUNDLE_IDENTIFIER = com.rayhannabi.macos.RNShell;
				PRODUCT_NAME = "$(TARGET_NAME:c99extidentifier)";
				SKIP_INSTALL = YES;
				SWIFT_VERSION = 4.2;
				VERSIONING_SYSTEM = "apple-generic";
				VERSION_INFO_PREFIX = "";
			};
			name = Release;
		};
		E89997B6221F38BA007D3AB3 /* Debug */ = {
			isa = XCBuildConfiguration;
			buildSettings = {
				ALWAYS_EMBED_SWIFT_STANDARD_LIBRARIES = YES;
				CLANG_CXX_LANGUAGE_STANDARD = "gnu++14";
				CLANG_ENABLE_OBJC_WEAK = YES;
				CLANG_WARN_UNGUARDED_AVAILABILITY = YES_AGGRESSIVE;
				CODE_SIGN_IDENTITY = "Mac Developer";
				CODE_SIGN_STYLE = Automatic;
				COMBINE_HIDPI_IMAGES = YES;
				DEVELOPMENT_TEAM = JBR76RZGD2;
				GCC_C_LANGUAGE_STANDARD = gnu11;
				INFOPLIST_FILE = RNShellTests/Info.plist;
				LD_RUNPATH_SEARCH_PATHS = "$(inherited) @executable_path/../Frameworks @loader_path/../Frameworks";
				MACOSX_DEPLOYMENT_TARGET = 10.14;
				MTL_ENABLE_DEBUG_INFO = INCLUDE_SOURCE;
				MTL_FAST_MATH = YES;
				PRODUCT_BUNDLE_IDENTIFIER = com.rayhannabi.macos.RNShellTests;
				PRODUCT_NAME = "$(TARGET_NAME)";
				SWIFT_VERSION = 4.2;
				TEST_HOST = "$(BUILT_PRODUCTS_DIR)/Unhidden.app/Contents/MacOS/Unhidden";
			};
			name = Debug;
		};
		E89997B7221F38BA007D3AB3 /* Release */ = {
			isa = XCBuildConfiguration;
			buildSettings = {
				ALWAYS_EMBED_SWIFT_STANDARD_LIBRARIES = YES;
				CLANG_CXX_LANGUAGE_STANDARD = "gnu++14";
				CLANG_ENABLE_OBJC_WEAK = YES;
				CLANG_WARN_UNGUARDED_AVAILABILITY = YES_AGGRESSIVE;
				CODE_SIGN_IDENTITY = "Mac Developer";
				CODE_SIGN_STYLE = Automatic;
				COMBINE_HIDPI_IMAGES = YES;
				DEVELOPMENT_TEAM = JBR76RZGD2;
				GCC_C_LANGUAGE_STANDARD = gnu11;
				INFOPLIST_FILE = RNShellTests/Info.plist;
				LD_RUNPATH_SEARCH_PATHS = "$(inherited) @executable_path/../Frameworks @loader_path/../Frameworks";
				MACOSX_DEPLOYMENT_TARGET = 10.14;
				MTL_FAST_MATH = YES;
				PRODUCT_BUNDLE_IDENTIFIER = com.rayhannabi.macos.RNShellTests;
				PRODUCT_NAME = "$(TARGET_NAME)";
				SWIFT_VERSION = 4.2;
				TEST_HOST = "$(BUILT_PRODUCTS_DIR)/Unhidden.app/Contents/MacOS/Unhidden";
			};
			name = Release;
		};
/* End XCBuildConfiguration section */

/* Begin XCConfigurationList section */
		E80D0E8C1F6DC430006A2A6D /* Build configuration list for PBXProject "Unhidden" */ = {
			isa = XCConfigurationList;
			buildConfigurations = (
				E80D0E9E1F6DC430006A2A6D /* Debug */,
				E80D0E9F1F6DC430006A2A6D /* Release */,
			);
			defaultConfigurationIsVisible = 0;
			defaultConfigurationName = Release;
		};
		E80D0EA01F6DC430006A2A6D /* Build configuration list for PBXNativeTarget "Unhidden" */ = {
			isa = XCConfigurationList;
			buildConfigurations = (
				E80D0EA11F6DC430006A2A6D /* Debug */,
				E80D0EA21F6DC430006A2A6D /* Release */,
			);
			defaultConfigurationIsVisible = 0;
			defaultConfigurationName = Release;
		};
		E89997B8221F38BA007D3AB3 /* Build configuration list for PBXNativeTarget "RNShell" */ = {
			isa = XCConfigurationList;
			buildConfigurations = (
				E89997B4221F38BA007D3AB3 /* Debug */,
				E89997B5221F38BA007D3AB3 /* Release */,
			);
			defaultConfigurationIsVisible = 0;
			defaultConfigurationName = Release;
		};
		E89997BA221F38BA007D3AB3 /* Build configuration list for PBXNativeTarget "RNShellTests" */ = {
			isa = XCConfigurationList;
			buildConfigurations = (
				E89997B6221F38BA007D3AB3 /* Debug */,
				E89997B7221F38BA007D3AB3 /* Release */,
			);
			defaultConfigurationIsVisible = 0;
			defaultConfigurationName = Release;
		};
/* End XCConfigurationList section */
	};
	rootObject = E80D0E891F6DC430006A2A6D /* Project object */;
}
